
Microsoft Visual Studio Solution File, Format Version 12.00
# Visual Studio Version 17
VisualStudioVersion = 17.6.33723.286
MinimumVisualStudioVersion = 10.0.40219.1
Project("{2150E333-8FDC-42A3-9474-1A3956D46DE8}") = "Service", "Service", "{99264556-F4C3-4969-A482-3E41038C1344}"
EndProject
Project("{2150E333-8FDC-42A3-9474-1A3956D46DE8}") = "Framework", "Framework", "{DC32C097-F8E5-4AF6-AF13-7C9EC67D3436}"
EndProject
Project("{2150E333-8FDC-42A3-9474-1A3956D46DE8}") = "Core", "Core", "{9E21233E-29C2-40C2-929F-3E154EA748A5}"
EndProject
Project("{FAE04EC0-301F-11D3-BF4B-00C04F79EFBC}") = "CongestionTaxCalculator.API", "CongestionTaxCalculator.API\CongestionTaxCalculator.API.csproj", "{BD395B35-2E7F-4E11-8F8A-442B3A647880}"
EndProject
Project("{FAE04EC0-301F-11D3-BF4B-00C04F79EFBC}") = "CongestionTaxCalculator.Framework.Calculator", "Framework\CongestionTaxCalculator.Framework.Calculator\CongestionTaxCalculator.Framework.Calculator.csproj", "{93FC9D73-9A9C-4B6F-B729-0F1263B0CB87}"
EndProject
Project("{FAE04EC0-301F-11D3-BF4B-00C04F79EFBC}") = "CongestionTaxCalculator.Service", "Core\CongestionTaxCalculator.Service\CongestionTaxCalculator.Service\CongestionTaxCalculator.Service.csproj", "{18B2925C-195E-4C2C-B690-887953D01D68}"
EndProject
Project("{2150E333-8FDC-42A3-9474-1A3956D46DE8}") = "Tests", "Tests", "{FC932290-8B2C-4DAD-811F-E9BE3CFCF136}"
EndProject
Project("{FAE04EC0-301F-11D3-BF4B-00C04F79EFBC}") = "CongestionTaxCalculator.xUnit", "Test\CongestionTaxCalculator.xUnit\CongestionTaxCalculator.xUnit.csproj", "{D8CD28B9-A506-4DC1-884B-36D7772340F1}"
EndProject
Project("{FAE04EC0-301F-11D3-BF4B-00C04F79EFBC}") = "CongestionTaxCalculator.Framework.Core.TimeProviders", "CongestionTaxCalculator.Framework.Core.TimeProviders\CongestionTaxCalculator.Framework.Core.TimeProviders.csproj", "{6E03FF49-CD8E-458D-933C-4D685EA85F34}"
EndProject
Global
	GlobalSection(SolutionConfigurationPlatforms) = preSolution
		Debug|Any CPU = Debug|Any CPU
		Release|Any CPU = Release|Any CPU
	EndGlobalSection
	GlobalSection(ProjectConfigurationPlatforms) = postSolution
		{BD395B35-2E7F-4E11-8F8A-442B3A647880}.Debug|Any CPU.ActiveCfg = Debug|Any CPU
		{BD395B35-2E7F-4E11-8F8A-442B3A647880}.Debug|Any CPU.Build.0 = Debug|Any CPU
		{BD395B35-2E7F-4E11-8F8A-442B3A647880}.Release|Any CPU.ActiveCfg = Release|Any CPU
		{BD395B35-2E7F-4E11-8F8A-442B3A647880}.Release|Any CPU.Build.0 = Release|Any CPU
		{93FC9D73-9A9C-4B6F-B729-0F1263B0CB87}.Debug|Any CPU.ActiveCfg = Debug|Any CPU
		{93FC9D73-9A9C-4B6F-B729-0F1263B0CB87}.Debug|Any CPU.Build.0 = Debug|Any CPU
		{93FC9D73-9A9C-4B6F-B729-0F1263B0CB87}.Release|Any CPU.ActiveCfg = Release|Any CPU
		{93FC9D73-9A9C-4B6F-B729-0F1263B0CB87}.Release|Any CPU.Build.0 = Release|Any CPU
		{18B2925C-195E-4C2C-B690-887953D01D68}.Debug|Any CPU.ActiveCfg = Debug|Any CPU
		{18B2925C-195E-4C2C-B690-887953D01D68}.Debug|Any CPU.Build.0 = Debug|Any CPU
		{18B2925C-195E-4C2C-B690-887953D01D68}.Release|Any CPU.ActiveCfg = Release|Any CPU
		{18B2925C-195E-4C2C-B690-887953D01D68}.Release|Any CPU.Build.0 = Release|Any CPU
		{D8CD28B9-A506-4DC1-884B-36D7772340F1}.Debug|Any CPU.ActiveCfg = Debug|Any CPU
		{D8CD28B9-A506-4DC1-884B-36D7772340F1}.Debug|Any CPU.Build.0 = Debug|Any CPU
		{D8CD28B9-A506-4DC1-884B-36D7772340F1}.Release|Any CPU.ActiveCfg = Release|Any CPU
		{D8CD28B9-A506-4DC1-884B-36D7772340F1}.Release|Any CPU.Build.0 = Release|Any CPU
		{6E03FF49-CD8E-458D-933C-4D685EA85F34}.Debug|Any CPU.ActiveCfg = Debug|Any CPU
		{6E03FF49-CD8E-458D-933C-4D685EA85F34}.Debug|Any CPU.Build.0 = Debug|Any CPU
		{6E03FF49-CD8E-458D-933C-4D685EA85F34}.Release|Any CPU.ActiveCfg = Release|Any CPU
		{6E03FF49-CD8E-458D-933C-4D685EA85F34}.Release|Any CPU.Build.0 = Release|Any CPU
	EndGlobalSection
	GlobalSection(SolutionProperties) = preSolution
		HideSolutionNode = FALSE
	EndGlobalSection
	GlobalSection(NestedProjects) = preSolution
		{BD395B35-2E7F-4E11-8F8A-442B3A647880} = {99264556-F4C3-4969-A482-3E41038C1344}
		{93FC9D73-9A9C-4B6F-B729-0F1263B0CB87} = {DC32C097-F8E5-4AF6-AF13-7C9EC67D3436}
		{18B2925C-195E-4C2C-B690-887953D01D68} = {9E21233E-29C2-40C2-929F-3E154EA748A5}
		{D8CD28B9-A506-4DC1-884B-36D7772340F1} = {FC932290-8B2C-4DAD-811F-E9BE3CFCF136}
		{6E03FF49-CD8E-458D-933C-4D685EA85F34} = {DC32C097-F8E5-4AF6-AF13-7C9EC67D3436}
	EndGlobalSection
	GlobalSection(ExtensibilityGlobals) = postSolution
		SolutionGuid = {363D5708-7642-458E-B6AF-CD8A36F164F5}
	EndGlobalSection
EndGlobal
